
Microsoft Visual Studio Solution File, Format Version 12.00
# Visual Studio Version 17
VisualStudioVersion = 17.3.32819.101
MinimumVisualStudioVersion = 10.0.40219.1
Project("{FAE04EC0-301F-11D3-BF4B-00C04F79EFBC}") = "MinhaAPICore", "MinhaAPICore.csproj", "{3CE9AC1D-7BF4-4979-8D18-CA340FA7356A}"
EndProject
Global
	GlobalSection(SolutionConfigurationPlatforms) = preSolution
		Debug|Any CPU = Debug|Any CPU
		Release|Any CPU = Release|Any CPU
	EndGlobalSection
	GlobalSection(ProjectConfigurationPlatforms) = postSolution
		{3CE9AC1D-7BF4-4979-8D18-CA340FA7356A}.Debug|Any CPU.ActiveCfg = Debug|Any CPU
		{3CE9AC1D-7BF4-4979-8D18-CA340FA7356A}.Debug|Any CPU.Build.0 = Debug|Any CPU
		{3CE9AC1D-7BF4-4979-8D18-CA340FA7356A}.Release|Any CPU.ActiveCfg = Release|Any CPU
		{3CE9AC1D-7BF4-4979-8D18-CA340FA7356A}.Release|Any CPU.Build.0 = Release|Any CPU
	EndGlobalSection
	GlobalSection(SolutionProperties) = preSolution
		HideSolutionNode = FALSE
	EndGlobalSection
	GlobalSection(ExtensibilityGlobals) = postSolution
		SolutionGuid = {F03B8A53-5CE4-43B9-8A6E-7BC2457E0A15}
	EndGlobalSection
EndGlobal
